
Microsoft Visual Studio Solution File, Format Version 10.00
# Visual Studio 2008
Project("{8BC9CEB8-8B4A-11D0-8D11-00A0C91BC942}") = "jingxian_downloader", "jingxian_downloader.vcproj", "{8DA4F9A7-B332-4D38-B276-01DCF6058F83}"
EndProject
Project("{8BC9CEB8-8B4A-11D0-8D11-00A0C91BC942}") = "pfc", "..\SDK-2008-09-22\pfc\pfc.vcproj", "{EBFFFB4E-261D-44D3-B89C-957B31A0BF9C}"
EndProject
Project("{8BC9CEB8-8B4A-11D0-8D11-00A0C91BC942}") = "foobar2000_SDK", "..\SDK-2008-09-22\foobar2000\SDK\foobar2000_SDK.vcproj", "{E8091321-D79D-4575-86EF-064EA1A4A20D}"
EndProject
Global
	GlobalSection(SolutionConfigurationPlatforms) = preSolution
		Debug|Win32 = Debug|Win32
		Release|Win32 = Release|Win32
	EndGlobalSection
	GlobalSection(ProjectConfigurationPlatforms) = postSolution
		{8DA4F9A7-B332-4D38-B276-01DCF6058F83}.Debug|Win32.ActiveCfg = Debug|Win32
		{8DA4F9A7-B332-4D38-B276-01DCF6058F83}.Debug|Win32.Build.0 = Debug|Win32
		{8DA4F9A7-B332-4D38-B276-01DCF6058F83}.Release|Win32.ActiveCfg = Release|Win32
		{8DA4F9A7-B332-4D38-B276-01DCF6058F83}.Release|Win32.Build.0 = Release|Win32
		{EBFFFB4E-261D-44D3-B89C-957B31A0BF9C}.Debug|Win32.ActiveCfg = Debug|Win32
		{EBFFFB4E-261D-44D3-B89C-957B31A0BF9C}.Debug|Win32.Build.0 = Debug|Win32
		{EBFFFB4E-261D-44D3-B89C-957B31A0BF9C}.Release|Win32.ActiveCfg = Release|Win32
		{EBFFFB4E-261D-44D3-B89C-957B31A0BF9C}.Release|Win32.Build.0 = Release|Win32
		{E8091321-D79D-4575-86EF-064EA1A4A20D}.Debug|Win32.ActiveCfg = Debug|Win32
		{E8091321-D79D-4575-86EF-064EA1A4A20D}.Debug|Win32.Build.0 = Debug|Win32
		{E8091321-D79D-4575-86EF-064EA1A4A20D}.Release|Win32.ActiveCfg = Release|Win32
		{E8091321-D79D-4575-86EF-064EA1A4A20D}.Release|Win32.Build.0 = Release|Win32
	EndGlobalSection
	GlobalSection(SolutionProperties) = preSolution
		HideSolutionNode = FALSE
	EndGlobalSection
EndGlobal
